# This file is autogenerated, do not edit; changes may be undone by the next 'dep ensure'.


[[projects]]
  branch = "master"
  name = "github.com/gramework/runtimer"
  packages = ["."]
  revision = "045ac3154a3194061f1dfce453c8edf4fbf57537"

[[projects]]
  branch = "master"
  name = "github.com/gramework/utils"
  packages = ["nocopy"]
  revision = "c1659867714f3a35a8bc5706e339f328f957bf6f"

[solve-meta]
  analyzer-name = "dep"
  analyzer-version = 1
  inputs-digest = "71962f4027eec8036036b77dc1950a4a460e98dc77857f0a7bcef19f8f4660c4"
  solver-name = "gps-cdcl"
  solver-version = 1
